# This file is automatically @generated by Poetry 1.5.1 and should not be changed by hand.

[[package]]
name = "pwinput"
version = "1.0.3"
description = "A cross-platform Python module that displays **** for password input. Works on Windows, unlike getpass. Formerly called stdiomask."
optional = false
python-versions = "*"
files = [
    {file = "pwinput-1.0.3.tar.gz", hash = "sha256:ca1a8bd06e28872d751dbd4132d8637127c25b408ea3a349377314a5491426f3"},
]

[metadata]
lock-version = "2.0"
python-versions = ">=3.10.0,<3.11"
content-hash = "29a59e0da2d74ef6bfdd4702efa0b3543ae70d75361ae84f439e1892ec5c0732"
